// !$*UTF8*$!
{
	archiveVersion = 1;
	classes = {
	};
	objectVersion = 46;
	objects = {

/* Begin PBXBuildFile section */
		84192CF41AB0CA4A0032FD89 /* arrow_left_alt1.png in Resources */ = {isa = PBXBuildFile; fileRef = 84192CF31AB0CA4A0032FD89 /* arrow_left_alt1.png */; };
		84192CF61AB0CAB00032FD89 /* inWV5.png in Resources */ = {isa = PBXBuildFile; fileRef = 84192CF51AB0CAB00032FD89 /* inWV5.png */; };
		84192CF81AB0CAFC0032FD89 /* Arrows-Back-icon.png in Resources */ = {isa = PBXBuildFile; fileRef = 84192CF71AB0CAFC0032FD89 /* Arrows-Back-icon.png */; };
		84192CFA1AB0CFF40032FD89 /* check.png in Resources */ = {isa = PBXBuildFile; fileRef = 84192CF91AB0CFF40032FD89 /* check.png */; };
		84192CFC1AB12E250032FD89 /* libero_bg.png in Resources */ = {isa = PBXBuildFile; fileRef = 84192CFB1AB12E250032FD89 /* libero_bg.png */; };
		845AC7001AAE2A39009CCE96 /* main.m in Sources */ = {isa = PBXBuildFile; fileRef = 845AC6FF1AAE2A39009CCE96 /* main.m */; };
		845AC7031AAE2A39009CCE96 /* AppDelegate.m in Sources */ = {isa = PBXBuildFile; fileRef = 845AC7021AAE2A39009CCE96 /* AppDelegate.m */; };
		845AC7061AAE2A39009CCE96 /* ConfigViewController.m in Sources */ = {isa = PBXBuildFile; fileRef = 845AC7051AAE2A39009CCE96 /* ConfigViewController.m */; };
		845AC7091AAE2A39009CCE96 /* Main.storyboard in Resources */ = {isa = PBXBuildFile; fileRef = 845AC7071AAE2A39009CCE96 /* Main.storyboard */; };
		845AC70B1AAE2A39009CCE96 /* Images.xcassets in Resources */ = {isa = PBXBuildFile; fileRef = 845AC70A1AAE2A39009CCE96 /* Images.xcassets */; };
		845AC70E1AAE2A39009CCE96 /* LaunchScreen.xib in Resources */ = {isa = PBXBuildFile; fileRef = 845AC70C1AAE2A39009CCE96 /* LaunchScreen.xib */; };
		845AC71A1AAE2A39009CCE96 /* liberoTests.m in Sources */ = {isa = PBXBuildFile; fileRef = 845AC7191AAE2A39009CCE96 /* liberoTests.m */; };
		849571711AAFE3DD00309962 /* DismissSegue.m in Sources */ = {isa = PBXBuildFile; fileRef = 849571701AAFE3DD00309962 /* DismissSegue.m */; };
		849571761AAFE9D700309962 /* FacebookSDK.framework in Frameworks */ = {isa = PBXBuildFile; fileRef = 849571741AAFE9D700309962 /* FacebookSDK.framework */; };
		849571771AAFE9D700309962 /* FBAudienceNetwork.framework in Frameworks */ = {isa = PBXBuildFile; fileRef = 849571751AAFE9D700309962 /* FBAudienceNetwork.framework */; };
		8495717A1AAFE9E000309962 /* gear-32x32.png in Resources */ = {isa = PBXBuildFile; fileRef = 849571791AAFE9E000309962 /* gear-32x32.png */; };
		8495717E1AAFF96F00309962 /* FBL_img_367_middle.jpg in Resources */ = {isa = PBXBuildFile; fileRef = 8495717B1AAFF96F00309962 /* FBL_img_367_middle.jpg */; };
		8495717F1AAFF96F00309962 /* volleyball-wallpaper-4.jpg in Resources */ = {isa = PBXBuildFile; fileRef = 8495717C1AAFF96F00309962 /* volleyball-wallpaper-4.jpg */; };
		849571801AAFF96F00309962 /* Volleyball6.jpg in Resources */ = {isa = PBXBuildFile; fileRef = 8495717D1AAFF96F00309962 /* Volleyball6.jpg */; };
		849571821AB0046900309962 /* volleyball-25782_640.png in Resources */ = {isa = PBXBuildFile; fileRef = 849571811AB0046800309962 /* volleyball-25782_640.png */; };
/* End PBXBuildFile section */

/* Begin PBXContainerItemProxy section */
		845AC7141AAE2A39009CCE96 /* PBXContainerItemProxy */ = {
			isa = PBXContainerItemProxy;
			containerPortal = 845AC6F21AAE2A39009CCE96 /* Project object */;
			proxyType = 1;
			remoteGlobalIDString = 845AC6F91AAE2A39009CCE96;
			remoteInfo = libero;
		};
/* End PBXContainerItemProxy section */

/* Begin PBXFileReference section */
		84192CF31AB0CA4A0032FD89 /* arrow_left_alt1.png */ = {isa = PBXFileReference; lastKnownFileType = image.png; path = arrow_left_alt1.png; sourceTree = "<group>"; };
		84192CF51AB0CAB00032FD89 /* inWV5.png */ = {isa = PBXFileReference; lastKnownFileType = image.png; path = inWV5.png; sourceTree = "<group>"; };
		84192CF71AB0CAFC0032FD89 /* Arrows-Back-icon.png */ = {isa = PBXFileReference; lastKnownFileType = image.png; path = "Arrows-Back-icon.png"; sourceTree = "<group>"; };
		84192CF91AB0CFF40032FD89 /* check.png */ = {isa = PBXFileReference; lastKnownFileType = image.png; path = check.png; sourceTree = "<group>"; };
		84192CFB1AB12E250032FD89 /* libero_bg.png */ = {isa = PBXFileReference; lastKnownFileType = image.png; path = libero_bg.png; sourceTree = "<group>"; };
		845AC6FA1AAE2A39009CCE96 /* libero.app */ = {isa = PBXFileReference; explicitFileType = wrapper.application; includeInIndex = 0; path = libero.app; sourceTree = BUILT_PRODUCTS_DIR; };
		845AC6FE1AAE2A39009CCE96 /* Info.plist */ = {isa = PBXFileReference; lastKnownFileType = text.plist.xml; path = Info.plist; sourceTree = "<group>"; };
		845AC6FF1AAE2A39009CCE96 /* main.m */ = {isa = PBXFileReference; lastKnownFileType = sourcecode.c.objc; path = main.m; sourceTree = "<group>"; };
		845AC7011AAE2A39009CCE96 /* AppDelegate.h */ = {isa = PBXFileReference; lastKnownFileType = sourcecode.c.h; path = AppDelegate.h; sourceTree = "<group>"; };
		845AC7021AAE2A39009CCE96 /* AppDelegate.m */ = {isa = PBXFileReference; lastKnownFileType = sourcecode.c.objc; path = AppDelegate.m; sourceTree = "<group>"; };
		845AC7041AAE2A39009CCE96 /* ConfigViewController.h */ = {isa = PBXFileReference; lastKnownFileType = sourcecode.c.h; path = ConfigViewController.h; sourceTree = "<group>"; };
		845AC7051AAE2A39009CCE96 /* ConfigViewController.m */ = {isa = PBXFileReference; lastKnownFileType = sourcecode.c.objc; path = ConfigViewController.m; sourceTree = "<group>"; };
		845AC7081AAE2A39009CCE96 /* Base */ = {isa = PBXFileReference; lastKnownFileType = file.storyboard; name = Base; path = Base.lproj/Main.storyboard; sourceTree = "<group>"; };
		845AC70A1AAE2A39009CCE96 /* Images.xcassets */ = {isa = PBXFileReference; lastKnownFileType = folder.assetcatalog; path = Images.xcassets; sourceTree = "<group>"; };
		845AC70D1AAE2A39009CCE96 /* Base */ = {isa = PBXFileReference; lastKnownFileType = file.xib; name = Base; path = Base.lproj/LaunchScreen.xib; sourceTree = "<group>"; };
		845AC7131AAE2A39009CCE96 /* liberoTests.xctest */ = {isa = PBXFileReference; explicitFileType = wrapper.cfbundle; includeInIndex = 0; path = liberoTests.xctest; sourceTree = BUILT_PRODUCTS_DIR; };
		845AC7181AAE2A39009CCE96 /* Info.plist */ = {isa = PBXFileReference; lastKnownFileType = text.plist.xml; path = Info.plist; sourceTree = "<group>"; };
		845AC7191AAE2A39009CCE96 /* liberoTests.m */ = {isa = PBXFileReference; lastKnownFileType = sourcecode.c.objc; path = liberoTests.m; sourceTree = "<group>"; };
		8495716F1AAFE3DD00309962 /* DismissSegue.h */ = {isa = PBXFileReference; fileEncoding = 4; lastKnownFileType = sourcecode.c.h; path = DismissSegue.h; sourceTree = "<group>"; };
		849571701AAFE3DD00309962 /* DismissSegue.m */ = {isa = PBXFileReference; fileEncoding = 4; lastKnownFileType = sourcecode.c.objc; path = DismissSegue.m; sourceTree = "<group>"; };
		849571741AAFE9D700309962 /* FacebookSDK.framework */ = {isa = PBXFileReference; lastKnownFileType = wrapper.framework; path = FacebookSDK.framework; sourceTree = "<group>"; };
		849571751AAFE9D700309962 /* FBAudienceNetwork.framework */ = {isa = PBXFileReference; lastKnownFileType = wrapper.framework; path = FBAudienceNetwork.framework; sourceTree = "<group>"; };
		849571791AAFE9E000309962 /* gear-32x32.png */ = {isa = PBXFileReference; lastKnownFileType = image.png; path = "gear-32x32.png"; sourceTree = "<group>"; };
		8495717B1AAFF96F00309962 /* FBL_img_367_middle.jpg */ = {isa = PBXFileReference; lastKnownFileType = image.jpeg; path = FBL_img_367_middle.jpg; sourceTree = "<group>"; };
		8495717C1AAFF96F00309962 /* volleyball-wallpaper-4.jpg */ = {isa = PBXFileReference; lastKnownFileType = image.jpeg; path = "volleyball-wallpaper-4.jpg"; sourceTree = "<group>"; };
		8495717D1AAFF96F00309962 /* Volleyball6.jpg */ = {isa = PBXFileReference; lastKnownFileType = image.jpeg; path = Volleyball6.jpg; sourceTree = "<group>"; };
		849571811AB0046800309962 /* volleyball-25782_640.png */ = {isa = PBXFileReference; lastKnownFileType = image.png; path = "volleyball-25782_640.png"; sourceTree = "<group>"; };
/* End PBXFileReference section */

/* Begin PBXFrameworksBuildPhase section */
		845AC6F71AAE2A39009CCE96 /* Frameworks */ = {
			isa = PBXFrameworksBuildPhase;
			buildActionMask = 2147483647;
			files = (
				849571761AAFE9D700309962 /* FacebookSDK.framework in Frameworks */,
				849571771AAFE9D700309962 /* FBAudienceNetwork.framework in Frameworks */,
			);
			runOnlyForDeploymentPostprocessing = 0;
		};
		845AC7101AAE2A39009CCE96 /* Frameworks */ = {
			isa = PBXFrameworksBuildPhase;
			buildActionMask = 2147483647;
			files = (
			);
			runOnlyForDeploymentPostprocessing = 0;
		};
/* End PBXFrameworksBuildPhase section */

/* Begin PBXGroup section */
		845AC6F11AAE2A39009CCE96 = {
			isa = PBXGroup;
			children = (
				849571781AAFE9E000309962 /* images */,
				849571731AAFE9D700309962 /* Frameworks */,
				845AC6FC1AAE2A39009CCE96 /* libero */,
				845AC7161AAE2A39009CCE96 /* liberoTests */,
				845AC6FB1AAE2A39009CCE96 /* Products */,
			);
			sourceTree = "<group>";
		};
		845AC6FB1AAE2A39009CCE96 /* Products */ = {
			isa = PBXGroup;
			children = (
				845AC6FA1AAE2A39009CCE96 /* libero.app */,
				845AC7131AAE2A39009CCE96 /* liberoTests.xctest */,
			);
			name = Products;
			sourceTree = "<group>";
		};
		845AC6FC1AAE2A39009CCE96 /* libero */ = {
			isa = PBXGroup;
			children = (
				845AC7011AAE2A39009CCE96 /* AppDelegate.h */,
				845AC7021AAE2A39009CCE96 /* AppDelegate.m */,
				845AC7041AAE2A39009CCE96 /* ConfigViewController.h */,
				845AC7051AAE2A39009CCE96 /* ConfigViewController.m */,
				845AC7071AAE2A39009CCE96 /* Main.storyboard */,
				845AC70A1AAE2A39009CCE96 /* Images.xcassets */,
				845AC70C1AAE2A39009CCE96 /* LaunchScreen.xib */,
				845AC6FD1AAE2A39009CCE96 /* Supporting Files */,
				8495716F1AAFE3DD00309962 /* DismissSegue.h */,
				849571701AAFE3DD00309962 /* DismissSegue.m */,
			);
			path = libero;
			sourceTree = "<group>";
		};
		845AC6FD1AAE2A39009CCE96 /* Supporting Files */ = {
			isa = PBXGroup;
			children = (
				845AC6FE1AAE2A39009CCE96 /* Info.plist */,
				845AC6FF1AAE2A39009CCE96 /* main.m */,
			);
			name = "Supporting Files";
			sourceTree = "<group>";
		};
		845AC7161AAE2A39009CCE96 /* liberoTests */ = {
			isa = PBXGroup;
			children = (
				845AC7191AAE2A39009CCE96 /* liberoTests.m */,
				845AC7171AAE2A39009CCE96 /* Supporting Files */,
			);
			path = liberoTests;
			sourceTree = "<group>";
		};
		845AC7171AAE2A39009CCE96 /* Supporting Files */ = {
			isa = PBXGroup;
			children = (
				845AC7181AAE2A39009CCE96 /* Info.plist */,
			);
			name = "Supporting Files";
			sourceTree = "<group>";
		};
		849571731AAFE9D700309962 /* Frameworks */ = {
			isa = PBXGroup;
			children = (
				849571741AAFE9D700309962 /* FacebookSDK.framework */,
				849571751AAFE9D700309962 /* FBAudienceNetwork.framework */,
			);
			path = Frameworks;
			sourceTree = "<group>";
		};
		849571781AAFE9E000309962 /* images */ = {
			isa = PBXGroup;
			children = (
				84192CFB1AB12E250032FD89 /* libero_bg.png */,
				84192CF91AB0CFF40032FD89 /* check.png */,
				84192CF71AB0CAFC0032FD89 /* Arrows-Back-icon.png */,
				84192CF51AB0CAB00032FD89 /* inWV5.png */,
				84192CF31AB0CA4A0032FD89 /* arrow_left_alt1.png */,
				849571811AB0046800309962 /* volleyball-25782_640.png */,
				8495717B1AAFF96F00309962 /* FBL_img_367_middle.jpg */,
				8495717C1AAFF96F00309962 /* volleyball-wallpaper-4.jpg */,
				8495717D1AAFF96F00309962 /* Volleyball6.jpg */,
				849571791AAFE9E000309962 /* gear-32x32.png */,
			);
			path = images;
			sourceTree = "<group>";
		};
/* End PBXGroup section */

/* Begin PBXNativeTarget section */
		845AC6F91AAE2A39009CCE96 /* libero */ = {
			isa = PBXNativeTarget;
			buildConfigurationList = 845AC71D1AAE2A39009CCE96 /* Build configuration list for PBXNativeTarget "libero" */;
			buildPhases = (
				845AC6F61AAE2A39009CCE96 /* Sources */,
				845AC6F71AAE2A39009CCE96 /* Frameworks */,
				845AC6F81AAE2A39009CCE96 /* Resources */,
			);
			buildRules = (
			);
			dependencies = (
			);
			name = libero;
			productName = libero;
			productReference = 845AC6FA1AAE2A39009CCE96 /* libero.app */;
			productType = "com.apple.product-type.application";
		};
		845AC7121AAE2A39009CCE96 /* liberoTests */ = {
			isa = PBXNativeTarget;
			buildConfigurationList = 845AC7201AAE2A39009CCE96 /* Build configuration list for PBXNativeTarget "liberoTests" */;
			buildPhases = (
				845AC70F1AAE2A39009CCE96 /* Sources */,
				845AC7101AAE2A39009CCE96 /* Frameworks */,
				845AC7111AAE2A39009CCE96 /* Resources */,
			);
			buildRules = (
			);
			dependencies = (
				845AC7151AAE2A39009CCE96 /* PBXTargetDependency */,
			);
			name = liberoTests;
			productName = liberoTests;
			productReference = 845AC7131AAE2A39009CCE96 /* liberoTests.xctest */;
			productType = "com.apple.product-type.bundle.unit-test";
		};
/* End PBXNativeTarget section */

/* Begin PBXProject section */
		845AC6F21AAE2A39009CCE96 /* Project object */ = {
			isa = PBXProject;
			attributes = {
				LastUpgradeCheck = 0610;
				ORGANIZATIONNAME = chiunti;
				TargetAttributes = {
					845AC6F91AAE2A39009CCE96 = {
						CreatedOnToolsVersion = 6.1.1;
						DevelopmentTeam = QXF33N93KH;
					};
					845AC7121AAE2A39009CCE96 = {
						CreatedOnToolsVersion = 6.1.1;
						TestTargetID = 845AC6F91AAE2A39009CCE96;
					};
				};
			};
			buildConfigurationList = 845AC6F51AAE2A39009CCE96 /* Build configuration list for PBXProject "libero" */;
			compatibilityVersion = "Xcode 3.2";
			developmentRegion = English;
			hasScannedForEncodings = 0;
			knownRegions = (
				en,
				Base,
				he,
			);
			mainGroup = 845AC6F11AAE2A39009CCE96;
			productRefGroup = 845AC6FB1AAE2A39009CCE96 /* Products */;
			projectDirPath = "";
			projectRoot = "";
			targets = (
				845AC6F91AAE2A39009CCE96 /* libero */,
				845AC7121AAE2A39009CCE96 /* liberoTests */,
			);
		};
/* End PBXProject section */

/* Begin PBXResourcesBuildPhase section */
		845AC6F81AAE2A39009CCE96 /* Resources */ = {
			isa = PBXResourcesBuildPhase;
			buildActionMask = 2147483647;
			files = (
				845AC7091AAE2A39009CCE96 /* Main.storyboard in Resources */,
				8495717E1AAFF96F00309962 /* FBL_img_367_middle.jpg in Resources */,
				845AC70E1AAE2A39009CCE96 /* LaunchScreen.xib in Resources */,
				8495717F1AAFF96F00309962 /* volleyball-wallpaper-4.jpg in Resources */,
				84192CF41AB0CA4A0032FD89 /* arrow_left_alt1.png in Resources */,
				84192CF81AB0CAFC0032FD89 /* Arrows-Back-icon.png in Resources */,
				84192CFA1AB0CFF40032FD89 /* check.png in Resources */,
				84192CF61AB0CAB00032FD89 /* inWV5.png in Resources */,
				845AC70B1AAE2A39009CCE96 /* Images.xcassets in Resources */,
				849571801AAFF96F00309962 /* Volleyball6.jpg in Resources */,
				84192CFC1AB12E250032FD89 /* libero_bg.png in Resources */,
				8495717A1AAFE9E000309962 /* gear-32x32.png in Resources */,
				849571821AB0046900309962 /* volleyball-25782_640.png in Resources */,
			);
			runOnlyForDeploymentPostprocessing = 0;
		};
		845AC7111AAE2A39009CCE96 /* Resources */ = {
			isa = PBXResourcesBuildPhase;
			buildActionMask = 2147483647;
			files = (
			);
			runOnlyForDeploymentPostprocessing = 0;
		};
/* End PBXResourcesBuildPhase section */

/* Begin PBXSourcesBuildPhase section */
		845AC6F61AAE2A39009CCE96 /* Sources */ = {
			isa = PBXSourcesBuildPhase;
			buildActionMask = 2147483647;
			files = (
				845AC7061AAE2A39009CCE96 /* ConfigViewController.m in Sources */,
				845AC7031AAE2A39009CCE96 /* AppDelegate.m in Sources */,
				849571711AAFE3DD00309962 /* DismissSegue.m in Sources */,
				845AC7001AAE2A39009CCE96 /* main.m in Sources */,
			);
			runOnlyForDeploymentPostprocessing = 0;
		};
		845AC70F1AAE2A39009CCE96 /* Sources */ = {
			isa = PBXSourcesBuildPhase;
			buildActionMask = 2147483647;
			files = (
				845AC71A1AAE2A39009CCE96 /* liberoTests.m in Sources */,
			);
			runOnlyForDeploymentPostprocessing = 0;
		};
/* End PBXSourcesBuildPhase section */

/* Begin PBXTargetDependency section */
		845AC7151AAE2A39009CCE96 /* PBXTargetDependency */ = {
			isa = PBXTargetDependency;
			target = 845AC6F91AAE2A39009CCE96 /* libero */;
			targetProxy = 845AC7141AAE2A39009CCE96 /* PBXContainerItemProxy */;
		};
/* End PBXTargetDependency section */

/* Begin PBXVariantGroup section */
		845AC7071AAE2A39009CCE96 /* Main.storyboard */ = {
			isa = PBXVariantGroup;
			children = (
				845AC7081AAE2A39009CCE96 /* Base */,
			);
			name = Main.storyboard;
			sourceTree = "<group>";
		};
		845AC70C1AAE2A39009CCE96 /* LaunchScreen.xib */ = {
			isa = PBXVariantGroup;
			children = (
				845AC70D1AAE2A39009CCE96 /* Base */,
			);
			name = LaunchScreen.xib;
			sourceTree = "<group>";
		};
/* End PBXVariantGroup section */

/* Begin XCBuildConfiguration section */
		845AC71B1AAE2A39009CCE96 /* Debug */ = {
			isa = XCBuildConfiguration;
			buildSettings = {
				ALWAYS_SEARCH_USER_PATHS = NO;
				CLANG_CXX_LANGUAGE_STANDARD = "gnu++0x";
				CLANG_CXX_LIBRARY = "libc++";
				CLANG_ENABLE_MODULES = YES;
				CLANG_ENABLE_OBJC_ARC = YES;
				CLANG_WARN_BOOL_CONVERSION = YES;
				CLANG_WARN_CONSTANT_CONVERSION = YES;
				CLANG_WARN_DIRECT_OBJC_ISA_USAGE = YES_ERROR;
				CLANG_WARN_EMPTY_BODY = YES;
				CLANG_WARN_ENUM_CONVERSION = YES;
				CLANG_WARN_INT_CONVERSION = YES;
				CLANG_WARN_OBJC_ROOT_CLASS = YES_ERROR;
				CLANG_WARN_UNREACHABLE_CODE = YES;
				CLANG_WARN__DUPLICATE_METHOD_MATCH = YES;
				"CODE_SIGN_IDENTITY[sdk=iphoneos*]" = "iPhone Developer";
				COPY_PHASE_STRIP = NO;
				ENABLE_STRICT_OBJC_MSGSEND = YES;
				GCC_C_LANGUAGE_STANDARD = gnu99;
				GCC_DYNAMIC_NO_PIC = NO;
				GCC_OPTIMIZATION_LEVEL = 0;
				GCC_PREPROCESSOR_DEFINITIONS = (
					"DEBUG=1",
					"$(inherited)",
				);
				GCC_SYMBOLS_PRIVATE_EXTERN = NO;
				GCC_WARN_64_TO_32_BIT_CONVERSION = YES;
				GCC_WARN_ABOUT_RETURN_TYPE = YES_ERROR;
				GCC_WARN_UNDECLARED_SELECTOR = YES;
				GCC_WARN_UNINITIALIZED_AUTOS = YES_AGGRESSIVE;
				GCC_WARN_UNUSED_FUNCTION = YES;
				GCC_WARN_UNUSED_VARIABLE = YES;
				IPHONEOS_DEPLOYMENT_TARGET = 8.1;
				MTL_ENABLE_DEBUG_INFO = YES;
				ONLY_ACTIVE_ARCH = YES;
				SDKROOT = iphoneos;
			};
			name = Debug;
		};
		845AC71C1AAE2A39009CCE96 /* Release */ = {
			isa = XCBuildConfiguration;
			buildSettings = {
				ALWAYS_SEARCH_USER_PATHS = NO;
				CLANG_CXX_LANGUAGE_STANDARD = "gnu++0x";
				CLANG_CXX_LIBRARY = "libc++";
				CLANG_ENABLE_MODULES = YES;
				CLANG_ENABLE_OBJC_ARC = YES;
				CLANG_WARN_BOOL_CONVERSION = YES;
				CLANG_WARN_CONSTANT_CONVERSION = YES;
				CLANG_WARN_DIRECT_OBJC_ISA_USAGE = YES_ERROR;
				CLANG_WARN_EMPTY_BODY = YES;
				CLANG_WARN_ENUM_CONVERSION = YES;
				CLANG_WARN_INT_CONVERSION = YES;
				CLANG_WARN_OBJC_ROOT_CLASS = YES_ERROR;
				CLANG_WARN_UNREACHABLE_CODE = YES;
				CLANG_WARN__DUPLICATE_METHOD_MATCH = YES;
				"CODE_SIGN_IDENTITY[sdk=iphoneos*]" = "iPhone Developer";
				COPY_PHASE_STRIP = YES;
				ENABLE_NS_ASSERTIONS = NO;
				ENABLE_STRICT_OBJC_MSGSEND = YES;
				GCC_C_LANGUAGE_STANDARD = gnu99;
				GCC_WARN_64_TO_32_BIT_CONVERSION = YES;
				GCC_WARN_ABOUT_RETURN_TYPE = YES_ERROR;
				GCC_WARN_UNDECLARED_SELECTOR = YES;
				GCC_WARN_UNINITIALIZED_AUTOS = YES_AGGRESSIVE;
				GCC_WARN_UNUSED_FUNCTION = YES;
				GCC_WARN_UNUSED_VARIABLE = YES;
				IPHONEOS_DEPLOYMENT_TARGET = 8.1;
				MTL_ENABLE_DEBUG_INFO = NO;
				SDKROOT = iphoneos;
				VALIDATE_PRODUCT = YES;
			};
			name = Release;
		};
		845AC71E1AAE2A39009CCE96 /* Debug */ = {
			isa = XCBuildConfiguration;
			buildSettings = {
				ASSETCATALOG_COMPILER_APPICON_NAME = AppIcon;
				FRAMEWORK_SEARCH_PATHS = (
					"$(inherited)",
					/Users/usuario/Documents/FacebookSDK,
					"$(PROJECT_DIR)",
					"$(PROJECT_DIR)/Frameworks",
				);
				INFOPLIST_FILE = libero/Info.plist;
				LD_RUNPATH_SEARCH_PATHS = "$(inherited) @executable_path/Frameworks";
				OTHER_LDFLAGS = "-ObjC";
				PRODUCT_NAME = "$(TARGET_NAME)";
			};
			name = Debug;
		};
		845AC71F1AAE2A39009CCE96 /* Release */ = {
			isa = XCBuildConfiguration;
			buildSettings = {
				ASSETCATALOG_COMPILER_APPICON_NAME = AppIcon;
				FRAMEWORK_SEARCH_PATHS = (
					"$(inherited)",
					/Users/usuario/Documents/FacebookSDK,
					"$(PROJECT_DIR)",
					"$(PROJECT_DIR)/Frameworks",
				);
				INFOPLIST_FILE = libero/Info.plist;
				LD_RUNPATH_SEARCH_PATHS = "$(inherited) @executable_path/Frameworks";
				OTHER_LDFLAGS = "-ObjC";
				PRODUCT_NAME = "$(TARGET_NAME)";
			};
			name = Release;
		};
		845AC7211AAE2A39009CCE96 /* Debug */ = {
			isa = XCBuildConfiguration;
			buildSettings = {
				BUNDLE_LOADER = "$(TEST_HOST)";
				FRAMEWORK_SEARCH_PATHS = (
					"$(SDKROOT)/Developer/Library/Frameworks",
					"$(inherited)",
				);
				GCC_PREPROCESSOR_DEFINITIONS = (
					"DEBUG=1",
					"$(inherited)",
				);
				INFOPLIST_FILE = liberoTests/Info.plist;
				LD_RUNPATH_SEARCH_PATHS = "$(inherited) @executable_path/Frameworks @loader_path/Frameworks";
				PRODUCT_NAME = "$(TARGET_NAME)";
				TEST_HOST = "$(BUILT_PRODUCTS_DIR)/libero.app/libero";
			};
			name = Debug;
		};
		845AC7221AAE2A39009CCE96 /* Release */ = {
			isa = XCBuildConfiguration;
			buildSettings = {
				BUNDLE_LOADER = "$(TEST_HOST)";
				FRAMEWORK_SEARCH_PATHS = (
					"$(SDKROOT)/Developer/Library/Frameworks",
					"$(inherited)",
				);
				INFOPLIST_FILE = liberoTests/Info.plist;
				LD_RUNPATH_SEARCH_PATHS = "$(inherited) @executable_path/Frameworks @loader_path/Frameworks";
				PRODUCT_NAME = "$(TARGET_NAME)";
				TEST_HOST = "$(BUILT_PRODUCTS_DIR)/libero.app/libero";
			};
			name = Release;
		};
/* End XCBuildConfiguration section */

/* Begin XCConfigurationList section */
		845AC6F51AAE2A39009CCE96 /* Build configuration list for PBXProject "libero" */ = {
			isa = XCConfigurationList;
			buildConfigurations = (
				845AC71B1AAE2A39009CCE96 /* Debug */,
				845AC71C1AAE2A39009CCE96 /* Release */,
			);
			defaultConfigurationIsVisible = 0;
			defaultConfigurationName = Release;
		};
		845AC71D1AAE2A39009CCE96 /* Build configuration list for PBXNativeTarget "libero" */ = {
			isa = XCConfigurationList;
			buildConfigurations = (
				845AC71E1AAE2A39009CCE96 /* Debug */,
				845AC71F1AAE2A39009CCE96 /* Release */,
			);
			defaultConfigurationIsVisible = 0;
			defaultConfigurationName = Release;
		};
		845AC7201AAE2A39009CCE96 /* Build configuration list for PBXNativeTarget "liberoTests" */ = {
			isa = XCConfigurationList;
			buildConfigurations = (
				845AC7211AAE2A39009CCE96 /* Debug */,
				845AC7221AAE2A39009CCE96 /* Release */,
			);
			defaultConfigurationIsVisible = 0;
			defaultConfigurationName = Release;
		};
/* End XCConfigurationList section */
	};
	rootObject = 845AC6F21AAE2A39009CCE96 /* Project object */;
}
